Microsoft Visual Studio Solution File, Format Version 12.00
# Visual Studio 15
VisualStudioVersion = 15.0.27004.2010
MinimumVisualStudioVersion = 10.0.40219.1
Project("{FAE04EC0-301F-11D3-BF4B-00C04F79EFBC}") = "test02", "test02\test02.csproj", "{176B5AC7-FFFE-4153-AA82-A4DBEAF54C8C}"
EndProject
Global
	GlobalSection(SolutionConfigurationPlatforms) = preSolution
		Debug|x86 = Debug|x86
		Release|x86 = Release|x86
	EndGlobalSection
	GlobalSection(ProjectConfigurationPlatforms) = postSolution
		{176B5AC7-FFFE-4153-AA82-A4DBEAF54C8C}.Debug|x86.ActiveCfg = Debug|x86
		{176B5AC7-FFFE-4153-AA82-A4DBEAF54C8C}.Debug|x86.Build.0 = Debug|x86
		{176B5AC7-FFFE-4153-AA82-A4DBEAF54C8C}.Release|x86.ActiveCfg = Release|x86
		{176B5AC7-FFFE-4153-AA82-A4DBEAF54C8C}.Release|x86.Build.0 = Release|x86
	EndGlobalSection
	GlobalSection(SolutionProperties) = preSolution
		HideSolutionNode = FALSE
	EndGlobalSection
	GlobalSection(ExtensibilityGlobals) = postSolution
		SolutionGuid = {09B4D30B-7F4A-498D-836E-2C68CD2AE680}
	EndGlobalSection
EndGlobal
