
Microsoft Visual Studio Solution File, Format Version 12.00
# Visual Studio 15
VisualStudioVersion = 15.0.27130.2010
MinimumVisualStudioVersion = 10.0.40219.1
Project("{FAE04EC0-301F-11D3-BF4B-00C04F79EFBC}") = "Day13_WPF", "Day13_WPF\Day13_WPF.csproj", "{4CBA3C4F-51F8-4E1A-A2FC-E0B0A76604FD}"
EndProject
Project("{FAE04EC0-301F-11D3-BF4B-00C04F79EFBC}") = "_ToolBar", "_ToolBar\_ToolBar.csproj", "{5F72F3FB-6EB5-4181-9F03-CE0A5BDCB23A}"
EndProject
Project("{FAE04EC0-301F-11D3-BF4B-00C04F79EFBC}") = "_多窗口", "_多窗口\_多窗口.csproj", "{FDF3362E-DC40-42B4-AD50-958FEB2405A0}"
EndProject
Project("{FAE04EC0-301F-11D3-BF4B-00C04F79EFBC}") = "_窗口传值", "_窗口传值\_窗口传值.csproj", "{B26FCF98-4620-4456-8859-CD1DAE84E832}"
EndProject
Project("{FAE04EC0-301F-11D3-BF4B-00C04F79EFBC}") = "_泛型委托", "_泛型委托\_泛型委托.csproj", "{5433104E-0815-45E6-AD9C-2C9A680BC641}"
EndProject
Project("{FAE04EC0-301F-11D3-BF4B-00C04F79EFBC}") = "_多播委托", "_多播委托\_多播委托.csproj", "{B25C73E6-3A85-472F-BC71-23CDAB76348E}"
EndProject
Project("{FAE04EC0-301F-11D3-BF4B-00C04F79EFBC}") = "_事件", "_事件\_事件.csproj", "{86059846-762D-4BDA-A639-9C42A311BECF}"
EndProject
Project("{FAE04EC0-301F-11D3-BF4B-00C04F79EFBC}") = "_事件1", "_事件1\_事件1.csproj", "{A5216207-A4FA-46BC-9DBD-B8A17E294052}"
EndProject
Project("{FAE04EC0-301F-11D3-BF4B-00C04F79EFBC}") = "_反射", "_反射\_反射.csproj", "{5ECB8E16-DC87-439E-AE0F-CAFB07054EE9}"
EndProject
Project("{FAE04EC0-301F-11D3-BF4B-00C04F79EFBC}") = "_记事本插件练习", "_记事本插件练习\_记事本插件练习.csproj", "{00CC8C71-E628-4112-B74F-64BA96335469}"
EndProject
Project("{FAE04EC0-301F-11D3-BF4B-00C04F79EFBC}") = "MyNotepad.ExtInterface", "MyNotepad.ExtInterface\MyNotepad.ExtInterface.csproj", "{93C740FC-2C59-47D9-8904-218795B192A3}"
EndProject
Project("{FAE04EC0-301F-11D3-BF4B-00C04F79EFBC}") = "ConsoleApp1", "ConsoleApp1\ConsoleApp1.csproj", "{E5B0E9BC-FB8F-4CEF-B9E3-F0380EACEFCE}"
EndProject
Project("{FAE04EC0-301F-11D3-BF4B-00C04F79EFBC}") = "_隐式类型", "_隐式类型\_隐式类型.csproj", "{811C44E0-C6F9-4D6A-9B3A-6BB8F4C733B2}"
EndProject
Global
	GlobalSection(SolutionConfigurationPlatforms) = preSolution
		Debug|Any CPU = Debug|Any CPU
		Release|Any CPU = Release|Any CPU
	EndGlobalSection
	GlobalSection(ProjectConfigurationPlatforms) = postSolution
		{4CBA3C4F-51F8-4E1A-A2FC-E0B0A76604FD}.Debug|Any CPU.ActiveCfg = Debug|Any CPU
		{4CBA3C4F-51F8-4E1A-A2FC-E0B0A76604FD}.Debug|Any CPU.Build.0 = Debug|Any CPU
		{4CBA3C4F-51F8-4E1A-A2FC-E0B0A76604FD}.Release|Any CPU.ActiveCfg = Release|Any CPU
		{4CBA3C4F-51F8-4E1A-A2FC-E0B0A76604FD}.Release|Any CPU.Build.0 = Release|Any CPU
		{5F72F3FB-6EB5-4181-9F03-CE0A5BDCB23A}.Debug|Any CPU.ActiveCfg = Debug|Any CPU
		{5F72F3FB-6EB5-4181-9F03-CE0A5BDCB23A}.Debug|Any CPU.Build.0 = Debug|Any CPU
		{5F72F3FB-6EB5-4181-9F03-CE0A5BDCB23A}.Release|Any CPU.ActiveCfg = Release|Any CPU
		{5F72F3FB-6EB5-4181-9F03-CE0A5BDCB23A}.Release|Any CPU.Build.0 = Release|Any CPU
		{FDF3362E-DC40-42B4-AD50-958FEB2405A0}.Debug|Any CPU.ActiveCfg = Debug|Any CPU
		{FDF3362E-DC40-42B4-AD50-958FEB2405A0}.Debug|Any CPU.Build.0 = Debug|Any CPU
		{FDF3362E-DC40-42B4-AD50-958FEB2405A0}.Release|Any CPU.ActiveCfg = Release|Any CPU
		{FDF3362E-DC40-42B4-AD50-958FEB2405A0}.Release|Any CPU.Build.0 = Release|Any CPU
		{B26FCF98-4620-4456-8859-CD1DAE84E832}.Debug|Any CPU.ActiveCfg = Debug|Any CPU
		{B26FCF98-4620-4456-8859-CD1DAE84E832}.Debug|Any CPU.Build.0 = Debug|Any CPU
		{B26FCF98-4620-4456-8859-CD1DAE84E832}.Release|Any CPU.ActiveCfg = Release|Any CPU
		{B26FCF98-4620-4456-8859-CD1DAE84E832}.Release|Any CPU.Build.0 = Release|Any CPU
		{5433104E-0815-45E6-AD9C-2C9A680BC641}.Debug|Any CPU.ActiveCfg = Debug|Any CPU
		{5433104E-0815-45E6-AD9C-2C9A680BC641}.Debug|Any CPU.Build.0 = Debug|Any CPU
		{5433104E-0815-45E6-AD9C-2C9A680BC641}.Release|Any CPU.ActiveCfg = Release|Any CPU
		{5433104E-0815-45E6-AD9C-2C9A680BC641}.Release|Any CPU.Build.0 = Release|Any CPU
		{B25C73E6-3A85-472F-BC71-23CDAB76348E}.Debug|Any CPU.ActiveCfg = Debug|Any CPU
		{B25C73E6-3A85-472F-BC71-23CDAB76348E}.Debug|Any CPU.Build.0 = Debug|Any CPU
		{B25C73E6-3A85-472F-BC71-23CDAB76348E}.Release|Any CPU.ActiveCfg = Release|Any CPU
		{B25C73E6-3A85-472F-BC71-23CDAB76348E}.Release|Any CPU.Build.0 = Release|Any CPU
		{86059846-762D-4BDA-A639-9C42A311BECF}.Debug|Any CPU.ActiveCfg = Debug|Any CPU
		{86059846-762D-4BDA-A639-9C42A311BECF}.Debug|Any CPU.Build.0 = Debug|Any CPU
		{86059846-762D-4BDA-A639-9C42A311BECF}.Release|Any CPU.ActiveCfg = Release|Any CPU
		{86059846-762D-4BDA-A639-9C42A311BECF}.Release|Any CPU.Build.0 = Release|Any CPU
		{A5216207-A4FA-46BC-9DBD-B8A17E294052}.Debug|Any CPU.ActiveCfg = Debug|Any CPU
		{A5216207-A4FA-46BC-9DBD-B8A17E294052}.Debug|Any CPU.Build.0 = Debug|Any CPU
		{A5216207-A4FA-46BC-9DBD-B8A17E294052}.Release|Any CPU.ActiveCfg = Release|Any CPU
		{A5216207-A4FA-46BC-9DBD-B8A17E294052}.Release|Any CPU.Build.0 = Release|Any CPU
		{5ECB8E16-DC87-439E-AE0F-CAFB07054EE9}.Debug|Any CPU.ActiveCfg = Debug|Any CPU
		{5ECB8E16-DC87-439E-AE0F-CAFB07054EE9}.Debug|Any CPU.Build.0 = Debug|Any CPU
		{5ECB8E16-DC87-439E-AE0F-CAFB07054EE9}.Release|Any CPU.ActiveCfg = Release|Any CPU
		{5ECB8E16-DC87-439E-AE0F-CAFB07054EE9}.Release|Any CPU.Build.0 = Release|Any CPU
		{00CC8C71-E628-4112-B74F-64BA96335469}.Debug|Any CPU.ActiveCfg = Debug|Any CPU
		{00CC8C71-E628-4112-B74F-64BA96335469}.Debug|Any CPU.Build.0 = Debug|Any CPU
		{00CC8C71-E628-4112-B74F-64BA96335469}.Release|Any CPU.ActiveCfg = Release|Any CPU
		{00CC8C71-E628-4112-B74F-64BA96335469}.Release|Any CPU.Build.0 = Release|Any CPU
		{93C740FC-2C59-47D9-8904-218795B192A3}.Debug|Any CPU.ActiveCfg = Debug|Any CPU
		{93C740FC-2C59-47D9-8904-218795B192A3}.Debug|Any CPU.Build.0 = Debug|Any CPU
		{93C740FC-2C59-47D9-8904-218795B192A3}.Release|Any CPU.ActiveCfg = Release|Any CPU
		{93C740FC-2C59-47D9-8904-218795B192A3}.Release|Any CPU.Build.0 = Release|Any CPU
		{E5B0E9BC-FB8F-4CEF-B9E3-F0380EACEFCE}.Debug|Any CPU.ActiveCfg = Debug|Any CPU
		{E5B0E9BC-FB8F-4CEF-B9E3-F0380EACEFCE}.Debug|Any CPU.Build.0 = Debug|Any CPU
		{E5B0E9BC-FB8F-4CEF-B9E3-F0380EACEFCE}.Release|Any CPU.ActiveCfg = Release|Any CPU
		{E5B0E9BC-FB8F-4CEF-B9E3-F0380EACEFCE}.Release|Any CPU.Build.0 = Release|Any CPU
		{811C44E0-C6F9-4D6A-9B3A-6BB8F4C733B2}.Debug|Any CPU.ActiveCfg = Debug|Any CPU
		{811C44E0-C6F9-4D6A-9B3A-6BB8F4C733B2}.Debug|Any CPU.Build.0 = Debug|Any CPU
		{811C44E0-C6F9-4D6A-9B3A-6BB8F4C733B2}.Release|Any CPU.ActiveCfg = Release|Any CPU
		{811C44E0-C6F9-4D6A-9B3A-6BB8F4C733B2}.Release|Any CPU.Build.0 = Release|Any CPU
	EndGlobalSection
	GlobalSection(SolutionProperties) = preSolution
		HideSolutionNode = FALSE
	EndGlobalSection
	GlobalSection(ExtensibilityGlobals) = postSolution
		SolutionGuid = {C94E6E34-A729-4C3A-83B1-F63DBBD0252C}
	EndGlobalSection
EndGlobal
