
Microsoft Visual Studio Solution File, Format Version 12.00
# Visual Studio 15
VisualStudioVersion = 15.0.27130.2010
MinimumVisualStudioVersion = 10.0.40219.1
Project("{FAE04EC0-301F-11D3-BF4B-00C04F79EFBC}") = "14Day复习", "14Day复习\14Day复习.csproj", "{B6AE32ED-22B7-4380-B6EA-7F6B1F72197B}"
EndProject
Project("{FAE04EC0-301F-11D3-BF4B-00C04F79EFBC}") = "ListView练习", "ListView练习\ListView练习.csproj", "{D1169CAA-5AA0-4389-8E66-08D42FE00262}"
EndProject
Project("{FAE04EC0-301F-11D3-BF4B-00C04F79EFBC}") = "ListBox练习", "ListBox练习\ListBox练习.csproj", "{A2D02B66-8A9D-47FF-A943-E01292AF977B}"
EndProject
Project("{FAE04EC0-301F-11D3-BF4B-00C04F79EFBC}") = "ItemControl练习", "ItemControl练习\ItemControl练习.csproj", "{6852EDA9-204F-4337-979F-B87F2BF05CA8}"
EndProject
Project("{FAE04EC0-301F-11D3-BF4B-00C04F79EFBC}") = "RelativeSource使用", "RelativeSource使用\RelativeSource使用.csproj", "{CD5DA107-3CF5-4B9F-8483-50CB2974FE39}"
EndProject
Project("{FAE04EC0-301F-11D3-BF4B-00C04F79EFBC}") = "Binding", "Binding\Binding.csproj", "{D14B5E6F-A071-4147-A280-B9163D690432}"
EndProject
Project("{FAE04EC0-301F-11D3-BF4B-00C04F79EFBC}") = "ListBox自定义模板练习", "ListBox自定义模板练习\ListBox自定义模板练习.csproj", "{D59AAC63-93CF-4920-80D9-98C035A7E35E}"
EndProject
Global
	GlobalSection(SolutionConfigurationPlatforms) = preSolution
		Debug|Any CPU = Debug|Any CPU
		Release|Any CPU = Release|Any CPU
	EndGlobalSection
	GlobalSection(ProjectConfigurationPlatforms) = postSolution
		{B6AE32ED-22B7-4380-B6EA-7F6B1F72197B}.Debug|Any CPU.ActiveCfg = Debug|Any CPU
		{B6AE32ED-22B7-4380-B6EA-7F6B1F72197B}.Debug|Any CPU.Build.0 = Debug|Any CPU
		{B6AE32ED-22B7-4380-B6EA-7F6B1F72197B}.Release|Any CPU.ActiveCfg = Release|Any CPU
		{B6AE32ED-22B7-4380-B6EA-7F6B1F72197B}.Release|Any CPU.Build.0 = Release|Any CPU
		{D1169CAA-5AA0-4389-8E66-08D42FE00262}.Debug|Any CPU.ActiveCfg = Debug|Any CPU
		{D1169CAA-5AA0-4389-8E66-08D42FE00262}.Debug|Any CPU.Build.0 = Debug|Any CPU
		{D1169CAA-5AA0-4389-8E66-08D42FE00262}.Release|Any CPU.ActiveCfg = Release|Any CPU
		{D1169CAA-5AA0-4389-8E66-08D42FE00262}.Release|Any CPU.Build.0 = Release|Any CPU
		{A2D02B66-8A9D-47FF-A943-E01292AF977B}.Debug|Any CPU.ActiveCfg = Debug|Any CPU
		{A2D02B66-8A9D-47FF-A943-E01292AF977B}.Debug|Any CPU.Build.0 = Debug|Any CPU
		{A2D02B66-8A9D-47FF-A943-E01292AF977B}.Release|Any CPU.ActiveCfg = Release|Any CPU
		{A2D02B66-8A9D-47FF-A943-E01292AF977B}.Release|Any CPU.Build.0 = Release|Any CPU
		{6852EDA9-204F-4337-979F-B87F2BF05CA8}.Debug|Any CPU.ActiveCfg = Debug|Any CPU
		{6852EDA9-204F-4337-979F-B87F2BF05CA8}.Debug|Any CPU.Build.0 = Debug|Any CPU
		{6852EDA9-204F-4337-979F-B87F2BF05CA8}.Release|Any CPU.ActiveCfg = Release|Any CPU
		{6852EDA9-204F-4337-979F-B87F2BF05CA8}.Release|Any CPU.Build.0 = Release|Any CPU
		{CD5DA107-3CF5-4B9F-8483-50CB2974FE39}.Debug|Any CPU.ActiveCfg = Debug|Any CPU
		{CD5DA107-3CF5-4B9F-8483-50CB2974FE39}.Debug|Any CPU.Build.0 = Debug|Any CPU
		{CD5DA107-3CF5-4B9F-8483-50CB2974FE39}.Release|Any CPU.ActiveCfg = Release|Any CPU
		{CD5DA107-3CF5-4B9F-8483-50CB2974FE39}.Release|Any CPU.Build.0 = Release|Any CPU
		{D14B5E6F-A071-4147-A280-B9163D690432}.Debug|Any CPU.ActiveCfg = Debug|Any CPU
		{D14B5E6F-A071-4147-A280-B9163D690432}.Debug|Any CPU.Build.0 = Debug|Any CPU
		{D14B5E6F-A071-4147-A280-B9163D690432}.Release|Any CPU.ActiveCfg = Release|Any CPU
		{D14B5E6F-A071-4147-A280-B9163D690432}.Release|Any CPU.Build.0 = Release|Any CPU
		{D59AAC63-93CF-4920-80D9-98C035A7E35E}.Debug|Any CPU.ActiveCfg = Debug|Any CPU
		{D59AAC63-93CF-4920-80D9-98C035A7E35E}.Debug|Any CPU.Build.0 = Debug|Any CPU
		{D59AAC63-93CF-4920-80D9-98C035A7E35E}.Release|Any CPU.ActiveCfg = Release|Any CPU
		{D59AAC63-93CF-4920-80D9-98C035A7E35E}.Release|Any CPU.Build.0 = Release|Any CPU
	EndGlobalSection
	GlobalSection(SolutionProperties) = preSolution
		HideSolutionNode = FALSE
	EndGlobalSection
	GlobalSection(ExtensibilityGlobals) = postSolution
		SolutionGuid = {6838AEAA-7900-4942-99F4-97063878133B}
	EndGlobalSection
EndGlobal
