
Microsoft Visual Studio Solution File, Format Version 12.00
# Visual Studio 15
VisualStudioVersion = 15.0.27130.2010
MinimumVisualStudioVersion = 10.0.40219.1
Project("{FAE04EC0-301F-11D3-BF4B-00C04F79EFBC}") = "14Day复习", "14Day复习\14Day复习.csproj", "{B6AE32ED-22B7-4380-B6EA-7F6B1F72197B}"
EndProject
Project("{FAE04EC0-301F-11D3-BF4B-00C04F79EFBC}") = "ListView练习", "ListView练习\ListView练习.csproj", "{D1169CAA-5AA0-4389-8E66-08D42FE00262}"
EndProject
Project("{FAE04EC0-301F-11D3-BF4B-00C04F79EFBC}") = "ListBox练习", "ListBox练习\ListBox练习.csproj", "{A2D02B66-8A9D-47FF-A943-E01292AF977B}"
EndProject
Global
	GlobalSection(SolutionConfigurationPlatforms) = preSolution
		Debug|Any CPU = Debug|Any CPU
		Release|Any CPU = Release|Any CPU
	EndGlobalSection
	GlobalSection(ProjectConfigurationPlatforms) = postSolution
		{B6AE32ED-22B7-4380-B6EA-7F6B1F72197B}.Debug|Any CPU.ActiveCfg = Debug|Any CPU
		{B6AE32ED-22B7-4380-B6EA-7F6B1F72197B}.Debug|Any CPU.Build.0 = Debug|Any CPU
		{B6AE32ED-22B7-4380-B6EA-7F6B1F72197B}.Release|Any CPU.ActiveCfg = Release|Any CPU
		{B6AE32ED-22B7-4380-B6EA-7F6B1F72197B}.Release|Any CPU.Build.0 = Release|Any CPU
		{D1169CAA-5AA0-4389-8E66-08D42FE00262}.Debug|Any CPU.ActiveCfg = Debug|Any CPU
		{D1169CAA-5AA0-4389-8E66-08D42FE00262}.Debug|Any CPU.Build.0 = Debug|Any CPU
		{D1169CAA-5AA0-4389-8E66-08D42FE00262}.Release|Any CPU.ActiveCfg = Release|Any CPU
		{D1169CAA-5AA0-4389-8E66-08D42FE00262}.Release|Any CPU.Build.0 = Release|Any CPU
		{A2D02B66-8A9D-47FF-A943-E01292AF977B}.Debug|Any CPU.ActiveCfg = Debug|Any CPU
		{A2D02B66-8A9D-47FF-A943-E01292AF977B}.Debug|Any CPU.Build.0 = Debug|Any CPU
		{A2D02B66-8A9D-47FF-A943-E01292AF977B}.Release|Any CPU.ActiveCfg = Release|Any CPU
		{A2D02B66-8A9D-47FF-A943-E01292AF977B}.Release|Any CPU.Build.0 = Release|Any CPU
	EndGlobalSection
	GlobalSection(SolutionProperties) = preSolution
		HideSolutionNode = FALSE
	EndGlobalSection
	GlobalSection(ExtensibilityGlobals) = postSolution
		SolutionGuid = {6838AEAA-7900-4942-99F4-97063878133B}
	EndGlobalSection
EndGlobal
