
Microsoft Visual Studio Solution File, Format Version 12.00
# Visual Studio 15
VisualStudioVersion = 15.0.27130.2003
MinimumVisualStudioVersion = 10.0.40219.1
Project("{FAE04EC0-301F-11D3-BF4B-00C04F79EFBC}") = "_MD5", "_MD5\_MD5.csproj", "{9B1D80DA-86BD-44F9-A079-9F010265772E}"
EndProject
Global
	GlobalSection(SolutionConfigurationPlatforms) = preSolution
		Debug|Any CPU = Debug|Any CPU
		Release|Any CPU = Release|Any CPU
	EndGlobalSection
	GlobalSection(ProjectConfigurationPlatforms) = postSolution
		{9B1D80DA-86BD-44F9-A079-9F010265772E}.Debug|Any CPU.ActiveCfg = Debug|Any CPU
		{9B1D80DA-86BD-44F9-A079-9F010265772E}.Debug|Any CPU.Build.0 = Debug|Any CPU
		{9B1D80DA-86BD-44F9-A079-9F010265772E}.Release|Any CPU.ActiveCfg = Release|Any CPU
		{9B1D80DA-86BD-44F9-A079-9F010265772E}.Release|Any CPU.Build.0 = Release|Any CPU
	EndGlobalSection
	GlobalSection(SolutionProperties) = preSolution
		HideSolutionNode = FALSE
	EndGlobalSection
	GlobalSection(ExtensibilityGlobals) = postSolution
		SolutionGuid = {B80F85BB-E8AC-4C59-8DC6-F4CA3C60004A}
	EndGlobalSection
EndGlobal
