
Microsoft Visual Studio Solution File, Format Version 12.00
# Visual Studio 15
VisualStudioVersion = 15.0.27130.2003
MinimumVisualStudioVersion = 10.0.40219.1
Project("{FAE04EC0-301F-11D3-BF4B-00C04F79EFBC}") = "_超市收银系统练习", "01商品类\_超市收银系统练习.csproj", "{936E269E-8DF6-485F-B555-F9039C006B4F}"
EndProject
Global
	GlobalSection(SolutionConfigurationPlatforms) = preSolution
		Debug|Any CPU = Debug|Any CPU
		Release|Any CPU = Release|Any CPU
	EndGlobalSection
	GlobalSection(ProjectConfigurationPlatforms) = postSolution
		{936E269E-8DF6-485F-B555-F9039C006B4F}.Debug|Any CPU.ActiveCfg = Debug|Any CPU
		{936E269E-8DF6-485F-B555-F9039C006B4F}.Debug|Any CPU.Build.0 = Debug|Any CPU
		{936E269E-8DF6-485F-B555-F9039C006B4F}.Release|Any CPU.ActiveCfg = Release|Any CPU
		{936E269E-8DF6-485F-B555-F9039C006B4F}.Release|Any CPU.Build.0 = Release|Any CPU
	EndGlobalSection
	GlobalSection(SolutionProperties) = preSolution
		HideSolutionNode = FALSE
	EndGlobalSection
	GlobalSection(ExtensibilityGlobals) = postSolution
		SolutionGuid = {D42ED1DA-EF12-450C-99E1-9188384C100C}
	EndGlobalSection
EndGlobal
