
Microsoft Visual Studio Solution File, Format Version 12.00
# Visual Studio 15
VisualStudioVersion = 15.0.27130.2003
MinimumVisualStudioVersion = 10.0.40219.1
Project("{FAE04EC0-301F-11D3-BF4B-00C04F79EFBC}") = "WindowsFormsApp1", "WindowsFormsApp1\WindowsFormsApp1.csproj", "{57FFF3CF-D057-4407-879F-3B379E25869E}"
EndProject
Project("{FAE04EC0-301F-11D3-BF4B-00C04F79EFBC}") = "TextBox和Label", "TextBox和Label\TextBox和Label.csproj", "{61363B61-A143-472A-BDF9-4706736F150A}"
EndProject
Project("{FAE04EC0-301F-11D3-BF4B-00C04F79EFBC}") = "WebBrowser练习", "WebBrowser练习\WebBrowser练习.csproj", "{755A1DF4-6C80-4A06-BBCA-2B4D0249ED19}"
EndProject
Project("{FAE04EC0-301F-11D3-BF4B-00C04F79EFBC}") = "_跑马灯", "_跑马灯\_跑马灯.csproj", "{FA460E4F-6637-4C98-808D-CDB77D5FADE9}"
EndProject
Project("{FAE04EC0-301F-11D3-BF4B-00C04F79EFBC}") = "MDI窗体开发", "MDI窗体开发\MDI窗体开发.csproj", "{7B2B0393-C736-419F-8763-374F233E97F8}"
EndProject
Project("{FAE04EC0-301F-11D3-BF4B-00C04F79EFBC}") = "PictureBox练习", "PictureBox练习\PictureBox练习.csproj", "{1429B707-7A76-46FC-A93E-E5C6F8EDBFBD}"
EndProject
Project("{FAE04EC0-301F-11D3-BF4B-00C04F79EFBC}") = "ComboBox控件", "ComboBox控件\ComboBox控件.csproj", "{B5D16AB7-D7ED-4C8F-99F7-1570A6910E52}"
EndProject
Project("{FAE04EC0-301F-11D3-BF4B-00C04F79EFBC}") = "ListBox控件", "ListBox控件\ListBox控件.csproj", "{2A5302BD-CEBF-4A47-BB54-47701A629B53}"
EndProject
Project("{FAE04EC0-301F-11D3-BF4B-00C04F79EFBC}") = "练习", "练习\练习.csproj", "{130B40E3-09F1-4292-B7C5-7221681E2B2F}"
EndProject
Project("{FAE04EC0-301F-11D3-BF4B-00C04F79EFBC}") = "_打开文件夹对话框", "_打开文件夹对话框\_打开文件夹对话框.csproj", "{140F2BE6-DA07-448B-9CDB-A455B14FD8E0}"
EndProject
Project("{FAE04EC0-301F-11D3-BF4B-00C04F79EFBC}") = "_保存文件对话框", "_保存文件对话框\_保存文件对话框.csproj", "{0868F971-1DCC-484F-B52A-5C3F7C0E2812}"
EndProject
Project("{FAE04EC0-301F-11D3-BF4B-00C04F79EFBC}") = "_字体和颜色对话框", "_字体和颜色对话框\_字体和颜色对话框.csproj", "{7FF1B4F6-844D-471B-9C99-A2D0896A427C}"
EndProject
Project("{FAE04EC0-301F-11D3-BF4B-00C04F79EFBC}") = "_记事本应用程序", "_记事本应用程序\_记事本应用程序.csproj", "{911F560A-C249-4A33-94D4-33F1DC91DC1A}"
EndProject
Project("{FAE04EC0-301F-11D3-BF4B-00C04F79EFBC}") = "_进程", "_进程\_进程.csproj", "{F02BD069-310A-4249-8149-2F2F9DCC54A3}"
EndProject
Project("{FAE04EC0-301F-11D3-BF4B-00C04F79EFBC}") = "_线程", "_线程\_线程.csproj", "{A604DA15-43E6-4150-A1C2-64FA04E1FBBB}"
EndProject
Global
	GlobalSection(SolutionConfigurationPlatforms) = preSolution
		Debug|Any CPU = Debug|Any CPU
		Release|Any CPU = Release|Any CPU
	EndGlobalSection
	GlobalSection(ProjectConfigurationPlatforms) = postSolution
		{57FFF3CF-D057-4407-879F-3B379E25869E}.Debug|Any CPU.ActiveCfg = Debug|Any CPU
		{57FFF3CF-D057-4407-879F-3B379E25869E}.Debug|Any CPU.Build.0 = Debug|Any CPU
		{57FFF3CF-D057-4407-879F-3B379E25869E}.Release|Any CPU.ActiveCfg = Release|Any CPU
		{57FFF3CF-D057-4407-879F-3B379E25869E}.Release|Any CPU.Build.0 = Release|Any CPU
		{61363B61-A143-472A-BDF9-4706736F150A}.Debug|Any CPU.ActiveCfg = Debug|Any CPU
		{61363B61-A143-472A-BDF9-4706736F150A}.Debug|Any CPU.Build.0 = Debug|Any CPU
		{61363B61-A143-472A-BDF9-4706736F150A}.Release|Any CPU.ActiveCfg = Release|Any CPU
		{61363B61-A143-472A-BDF9-4706736F150A}.Release|Any CPU.Build.0 = Release|Any CPU
		{755A1DF4-6C80-4A06-BBCA-2B4D0249ED19}.Debug|Any CPU.ActiveCfg = Debug|Any CPU
		{755A1DF4-6C80-4A06-BBCA-2B4D0249ED19}.Debug|Any CPU.Build.0 = Debug|Any CPU
		{755A1DF4-6C80-4A06-BBCA-2B4D0249ED19}.Release|Any CPU.ActiveCfg = Release|Any CPU
		{755A1DF4-6C80-4A06-BBCA-2B4D0249ED19}.Release|Any CPU.Build.0 = Release|Any CPU
		{FA460E4F-6637-4C98-808D-CDB77D5FADE9}.Debug|Any CPU.ActiveCfg = Debug|Any CPU
		{FA460E4F-6637-4C98-808D-CDB77D5FADE9}.Debug|Any CPU.Build.0 = Debug|Any CPU
		{FA460E4F-6637-4C98-808D-CDB77D5FADE9}.Release|Any CPU.ActiveCfg = Release|Any CPU
		{FA460E4F-6637-4C98-808D-CDB77D5FADE9}.Release|Any CPU.Build.0 = Release|Any CPU
		{7B2B0393-C736-419F-8763-374F233E97F8}.Debug|Any CPU.ActiveCfg = Debug|Any CPU
		{7B2B0393-C736-419F-8763-374F233E97F8}.Debug|Any CPU.Build.0 = Debug|Any CPU
		{7B2B0393-C736-419F-8763-374F233E97F8}.Release|Any CPU.ActiveCfg = Release|Any CPU
		{7B2B0393-C736-419F-8763-374F233E97F8}.Release|Any CPU.Build.0 = Release|Any CPU
		{1429B707-7A76-46FC-A93E-E5C6F8EDBFBD}.Debug|Any CPU.ActiveCfg = Debug|Any CPU
		{1429B707-7A76-46FC-A93E-E5C6F8EDBFBD}.Debug|Any CPU.Build.0 = Debug|Any CPU
		{1429B707-7A76-46FC-A93E-E5C6F8EDBFBD}.Release|Any CPU.ActiveCfg = Release|Any CPU
		{1429B707-7A76-46FC-A93E-E5C6F8EDBFBD}.Release|Any CPU.Build.0 = Release|Any CPU
		{B5D16AB7-D7ED-4C8F-99F7-1570A6910E52}.Debug|Any CPU.ActiveCfg = Debug|Any CPU
		{B5D16AB7-D7ED-4C8F-99F7-1570A6910E52}.Debug|Any CPU.Build.0 = Debug|Any CPU
		{B5D16AB7-D7ED-4C8F-99F7-1570A6910E52}.Release|Any CPU.ActiveCfg = Release|Any CPU
		{B5D16AB7-D7ED-4C8F-99F7-1570A6910E52}.Release|Any CPU.Build.0 = Release|Any CPU
		{2A5302BD-CEBF-4A47-BB54-47701A629B53}.Debug|Any CPU.ActiveCfg = Debug|Any CPU
		{2A5302BD-CEBF-4A47-BB54-47701A629B53}.Debug|Any CPU.Build.0 = Debug|Any CPU
		{2A5302BD-CEBF-4A47-BB54-47701A629B53}.Release|Any CPU.ActiveCfg = Release|Any CPU
		{2A5302BD-CEBF-4A47-BB54-47701A629B53}.Release|Any CPU.Build.0 = Release|Any CPU
		{130B40E3-09F1-4292-B7C5-7221681E2B2F}.Debug|Any CPU.ActiveCfg = Debug|Any CPU
		{130B40E3-09F1-4292-B7C5-7221681E2B2F}.Debug|Any CPU.Build.0 = Debug|Any CPU
		{130B40E3-09F1-4292-B7C5-7221681E2B2F}.Release|Any CPU.ActiveCfg = Release|Any CPU
		{130B40E3-09F1-4292-B7C5-7221681E2B2F}.Release|Any CPU.Build.0 = Release|Any CPU
		{140F2BE6-DA07-448B-9CDB-A455B14FD8E0}.Debug|Any CPU.ActiveCfg = Debug|Any CPU
		{140F2BE6-DA07-448B-9CDB-A455B14FD8E0}.Debug|Any CPU.Build.0 = Debug|Any CPU
		{140F2BE6-DA07-448B-9CDB-A455B14FD8E0}.Release|Any CPU.ActiveCfg = Release|Any CPU
		{140F2BE6-DA07-448B-9CDB-A455B14FD8E0}.Release|Any CPU.Build.0 = Release|Any CPU
		{0868F971-1DCC-484F-B52A-5C3F7C0E2812}.Debug|Any CPU.ActiveCfg = Debug|Any CPU
		{0868F971-1DCC-484F-B52A-5C3F7C0E2812}.Debug|Any CPU.Build.0 = Debug|Any CPU
		{0868F971-1DCC-484F-B52A-5C3F7C0E2812}.Release|Any CPU.ActiveCfg = Release|Any CPU
		{0868F971-1DCC-484F-B52A-5C3F7C0E2812}.Release|Any CPU.Build.0 = Release|Any CPU
		{7FF1B4F6-844D-471B-9C99-A2D0896A427C}.Debug|Any CPU.ActiveCfg = Debug|Any CPU
		{7FF1B4F6-844D-471B-9C99-A2D0896A427C}.Debug|Any CPU.Build.0 = Debug|Any CPU
		{7FF1B4F6-844D-471B-9C99-A2D0896A427C}.Release|Any CPU.ActiveCfg = Release|Any CPU
		{7FF1B4F6-844D-471B-9C99-A2D0896A427C}.Release|Any CPU.Build.0 = Release|Any CPU
		{911F560A-C249-4A33-94D4-33F1DC91DC1A}.Debug|Any CPU.ActiveCfg = Debug|Any CPU
		{911F560A-C249-4A33-94D4-33F1DC91DC1A}.Debug|Any CPU.Build.0 = Debug|Any CPU
		{911F560A-C249-4A33-94D4-33F1DC91DC1A}.Release|Any CPU.ActiveCfg = Release|Any CPU
		{911F560A-C249-4A33-94D4-33F1DC91DC1A}.Release|Any CPU.Build.0 = Release|Any CPU
		{F02BD069-310A-4249-8149-2F2F9DCC54A3}.Debug|Any CPU.ActiveCfg = Debug|Any CPU
		{F02BD069-310A-4249-8149-2F2F9DCC54A3}.Debug|Any CPU.Build.0 = Debug|Any CPU
		{F02BD069-310A-4249-8149-2F2F9DCC54A3}.Release|Any CPU.ActiveCfg = Release|Any CPU
		{F02BD069-310A-4249-8149-2F2F9DCC54A3}.Release|Any CPU.Build.0 = Release|Any CPU
		{A604DA15-43E6-4150-A1C2-64FA04E1FBBB}.Debug|Any CPU.ActiveCfg = Debug|Any CPU
		{A604DA15-43E6-4150-A1C2-64FA04E1FBBB}.Debug|Any CPU.Build.0 = Debug|Any CPU
		{A604DA15-43E6-4150-A1C2-64FA04E1FBBB}.Release|Any CPU.ActiveCfg = Release|Any CPU
		{A604DA15-43E6-4150-A1C2-64FA04E1FBBB}.Release|Any CPU.Build.0 = Release|Any CPU
	EndGlobalSection
	GlobalSection(SolutionProperties) = preSolution
		HideSolutionNode = FALSE
	EndGlobalSection
	GlobalSection(ExtensibilityGlobals) = postSolution
		SolutionGuid = {D32ABD83-13C5-4DE3-969A-52853A77AF68}
	EndGlobalSection
EndGlobal
